
Microsoft Visual Studio Solution File, Format Version 12.00
# Visual Studio Version 17
VisualStudioVersion = 17.4.33213.308
MinimumVisualStudioVersion = 10.0.40219.1
Project("{9A19103F-16F7-4668-BE54-9A1E7A4F7556}") = "logisticsApi", "logisticsApi\logisticsApi.csproj", "{001FEC06-3B0D-4503-8980-48CAC3F0BF9B}"
EndProject
Project("{2150E333-8FDC-42A3-9474-1A3956D46DE8}") = "Solution Items", "Solution Items", "{26FBE90E-3550-421D-B955-0C4E97AFAAD1}"
	ProjectSection(SolutionItems) = preProject
		.editorconfig = .editorconfig
	EndProjectSection
EndProject
Global
	GlobalSection(SolutionConfigurationPlatforms) = preSolution
		Debug|Any CPU = Debug|Any CPU
		Release|Any CPU = Release|Any CPU
	EndGlobalSection
	GlobalSection(ProjectConfigurationPlatforms) = postSolution
		{001FEC06-3B0D-4503-8980-48CAC3F0BF9B}.Debug|Any CPU.ActiveCfg = Debug|Any CPU
		{001FEC06-3B0D-4503-8980-48CAC3F0BF9B}.Debug|Any CPU.Build.0 = Debug|Any CPU
		{001FEC06-3B0D-4503-8980-48CAC3F0BF9B}.Release|Any CPU.ActiveCfg = Release|Any CPU
		{001FEC06-3B0D-4503-8980-48CAC3F0BF9B}.Release|Any CPU.Build.0 = Release|Any CPU
	EndGlobalSection
	GlobalSection(SolutionProperties) = preSolution
		HideSolutionNode = FALSE
	EndGlobalSection
	GlobalSection(ExtensibilityGlobals) = postSolution
		SolutionGuid = {88BD3CD6-ED12-40CF-AD29-F3B3A6D7BA05}
	EndGlobalSection
EndGlobal
